lockfileVersion: '6.0'

dependencies:
  lit:
    specifier: ^2.7.2
    version: 2.7.2

packages:

  /@lit-labs/ssr-dom-shim@1.1.0:
    resolution: {integrity: sha512-92uQ5ARf7UXYrzaFcAX3T2rTvaS9Z1//ukV+DqjACM4c8s0ZBQd7ayJU5Dh2AFLD/Ayuyz4uMmxQec8q3U4Ong==}
    dev: false

  /@lit/reactive-element@1.6.1:
    resolution: {integrity: sha512-va15kYZr7KZNNPZdxONGQzpUr+4sxVu7V/VG7a8mRfPPXUyhEYj5RzXCQmGrlP3tAh0L3HHm5AjBMFYRqlM9SA==}
    dependencies:
      '@lit-labs/ssr-dom-shim': 1.1.0
    dev: false

  /@types/trusted-types@2.0.3:
    resolution: {integrity: sha512-NfQ4gyz38SL8sDNrSixxU2Os1a5xcdFxipAFxYEuLUlvU2uDwS4NUpsImcf1//SlWItCVMMLiylsxbmNMToV/g==}
    dev: false

  /lit-element@3.3.1:
    resolution: {integrity: sha512-Gl+2409uXWbf7n6cCl7Kzasm7zjT9xmdwi2BhLNi70sRKAgRkqueDu5mSIH3hPYMM0/vqBCdPXod3NbGkRA2ww==}
    dependencies:
      '@lit-labs/ssr-dom-shim': 1.1.0
      '@lit/reactive-element': 1.6.1
      lit-html: 2.7.2
    dev: false

  /lit-html@2.7.2:
    resolution: {integrity: sha512-ZJCfKlA2XELu5tn7XuzOziGFGvf1SeQm+ngLWoJ8bXtSkRrrR3ms6SWy+gsdxeYwySLij5xAhdd2C3EX0ftxdQ==}
    dependencies:
      '@types/trusted-types': 2.0.3
    dev: false

  /lit@2.7.2:
    resolution: {integrity: sha512-9QnZmG5mIKPRja96cpndMclLSi0Qrz2BXD6EbqNqCKMMjOWVm/BwAeXufFk2jqFsNmY07HOzU8X+8aTSVt3yrA==}
    dependencies:
      '@lit/reactive-element': 1.6.1
      lit-element: 3.3.1
      lit-html: 2.7.2
    dev: false
